
Microsoft Visual Studio Solution File, Format Version 12.00
# Visual Studio Version 17
VisualStudioVersion = 17.6.33801.468
MinimumVisualStudioVersion = 10.0.40219.1
Project("{FAE04EC0-301F-11D3-BF4B-00C04F79EFBC}") = "Vector", "Vector.csproj", "{9325FE4E-2468-4B64-B0D1-BC998D2E8096}"
EndProject
Project("{FAE04EC0-301F-11D3-BF4B-00C04F79EFBC}") = "ClassLibrary", "..\ClassLibrary\ClassLibrary.csproj", "{7DF460F5-4F27-4F4B-AFE1-7ABC6FF9CE9B}"
EndProject
Project("{FAE04EC0-301F-11D3-BF4B-00C04F79EFBC}") = "UnitTestProject", "..\UnitTestProject\UnitTestProject.csproj", "{C2399CB6-B66B-48A5-A21C-7B093E4F9E26}"
EndProject
Global
	GlobalSection(SolutionConfigurationPlatforms) = preSolution
		Debug|Any CPU = Debug|Any CPU
		Release|Any CPU = Release|Any CPU
	EndGlobalSection
	GlobalSection(ProjectConfigurationPlatforms) = postSolution
		{9325FE4E-2468-4B64-B0D1-BC998D2E8096}.Debug|Any CPU.ActiveCfg = Debug|Any CPU
		{9325FE4E-2468-4B64-B0D1-BC998D2E8096}.Debug|Any CPU.Build.0 = Debug|Any CPU
		{9325FE4E-2468-4B64-B0D1-BC998D2E8096}.Release|Any CPU.ActiveCfg = Release|Any CPU
		{9325FE4E-2468-4B64-B0D1-BC998D2E8096}.Release|Any CPU.Build.0 = Release|Any CPU
		{7DF460F5-4F27-4F4B-AFE1-7ABC6FF9CE9B}.Debug|Any CPU.ActiveCfg = Debug|Any CPU
		{7DF460F5-4F27-4F4B-AFE1-7ABC6FF9CE9B}.Debug|Any CPU.Build.0 = Debug|Any CPU
		{7DF460F5-4F27-4F4B-AFE1-7ABC6FF9CE9B}.Release|Any CPU.ActiveCfg = Release|Any CPU
		{7DF460F5-4F27-4F4B-AFE1-7ABC6FF9CE9B}.Release|Any CPU.Build.0 = Release|Any CPU
		{C2399CB6-B66B-48A5-A21C-7B093E4F9E26}.Debug|Any CPU.ActiveCfg = Debug|Any CPU
		{C2399CB6-B66B-48A5-A21C-7B093E4F9E26}.Debug|Any CPU.Build.0 = Debug|Any CPU
		{C2399CB6-B66B-48A5-A21C-7B093E4F9E26}.Release|Any CPU.ActiveCfg = Release|Any CPU
		{C2399CB6-B66B-48A5-A21C-7B093E4F9E26}.Release|Any CPU.Build.0 = Release|Any CPU
	EndGlobalSection
	GlobalSection(SolutionProperties) = preSolution
		HideSolutionNode = FALSE
	EndGlobalSection
	GlobalSection(ExtensibilityGlobals) = postSolution
		SolutionGuid = {E5D6F6F1-03A2-4BB0-AC25-1E7F1E502288}
	EndGlobalSection
EndGlobal
